Microsoft Visual Studio Solution File, Format Version 11.00
# Visual Studio 2008

Project("{AD979823-9C3D-284E-C81C-AF4DA8536410}") = "citta_1", "Assembly-CSharp-firstpass.csproj", "{40B4E3AF-B454-BBEA-2712-F6F9BC3F2343}"
EndProject
Project("{AD979823-9C3D-284E-C81C-AF4DA8536410}") = "citta_1", "Assembly-CSharp.csproj", "{F88D0A03-E9D6-40B1-1014-633F54A2BF89}"
EndProject
Project("{AD979823-9C3D-284E-C81C-AF4DA8536410}") = "citta_1", "Assembly-CSharp-Editor.csproj", "{CE33F488-DA0C-5BC3-FA7D-E2A1332EFDF7}"
EndProject
Project("{AD979823-9C3D-284E-C81C-AF4DA8536410}") = "citta_1", "Assembly-UnityScript.unityproj", "{9DA0D38A-5E37-0151-CE59-C6D658865735}"
EndProject
Global
	GlobalSection(SolutionConfigurationPlatforms) = preSolution
		Debug|Any CPU = Debug|Any CPU
		Release|Any CPU = Release|Any CPU
	EndGlobalSection
	GlobalSection(ProjectConfigurationPlatforms) = postSolution
		{40B4E3AF-B454-BBEA-2712-F6F9BC3F2343}.Debug|Any CPU.ActiveCfg = Debug|Any CPU
		{40B4E3AF-B454-BBEA-2712-F6F9BC3F2343}.Debug|Any CPU.Build.0 = Debug|Any CPU
		{40B4E3AF-B454-BBEA-2712-F6F9BC3F2343}.Release|Any CPU.ActiveCfg = Release|Any CPU
		{40B4E3AF-B454-BBEA-2712-F6F9BC3F2343}.Release|Any CPU.Build.0 = Release|Any CPU
		{F88D0A03-E9D6-40B1-1014-633F54A2BF89}.Debug|Any CPU.ActiveCfg = Debug|Any CPU
		{F88D0A03-E9D6-40B1-1014-633F54A2BF89}.Debug|Any CPU.Build.0 = Debug|Any CPU
		{F88D0A03-E9D6-40B1-1014-633F54A2BF89}.Release|Any CPU.ActiveCfg = Release|Any CPU
		{F88D0A03-E9D6-40B1-1014-633F54A2BF89}.Release|Any CPU.Build.0 = Release|Any CPU
		{CE33F488-DA0C-5BC3-FA7D-E2A1332EFDF7}.Debug|Any CPU.ActiveCfg = Debug|Any CPU
		{CE33F488-DA0C-5BC3-FA7D-E2A1332EFDF7}.Debug|Any CPU.Build.0 = Debug|Any CPU
		{CE33F488-DA0C-5BC3-FA7D-E2A1332EFDF7}.Release|Any CPU.ActiveCfg = Release|Any CPU
		{CE33F488-DA0C-5BC3-FA7D-E2A1332EFDF7}.Release|Any CPU.Build.0 = Release|Any CPU
		{9DA0D38A-5E37-0151-CE59-C6D658865735}.Debug|Any CPU.ActiveCfg = Debug|Any CPU
		{9DA0D38A-5E37-0151-CE59-C6D658865735}.Debug|Any CPU.Build.0 = Debug|Any CPU
		{9DA0D38A-5E37-0151-CE59-C6D658865735}.Release|Any CPU.ActiveCfg = Release|Any CPU
		{9DA0D38A-5E37-0151-CE59-C6D658865735}.Release|Any CPU.Build.0 = Release|Any CPU
	EndGlobalSection
	GlobalSection(SolutionProperties) = preSolution
		HideSolutionNode = FALSE
	EndGlobalSection
				GlobalSection(MonoDevelopProperties) = preSolution
		StartupItem = Assembly-CSharp.csproj
		Policies = $0
		$0.TextStylePolicy = $1
		$1.inheritsSet = null
		$1.scope = text/x-csharp
		$0.CSharpFormattingPolicy = $2
		$2.inheritsSet = Mono
		$2.inheritsScope = text/x-csharp
		$2.scope = text/x-csharp
		$0.TextStylePolicy = $3
		$3.FileWidth = 120
		$3.TabWidth = 4
		$3.IndentWidth = 4
		$3.EolMarker = Unix
		$3.inheritsSet = Mono
		$3.inheritsScope = text/plain
		$3.scope = text/plain
	EndGlobalSection

EndGlobal
